
Microsoft Visual Studio Solution File, Format Version 12.00
# Visual Studio Version 17
VisualStudioVersion = 17.2.32526.322
MinimumVisualStudioVersion = 10.0.40219.1
Project("{FAE04EC0-301F-11D3-BF4B-00C04F79EFBC}") = "ShoppingList", "ShoppingList\ShoppingList.csproj", "{4745F71C-77D1-4985-BFC4-622190AA38A5}"
EndProject
Global
	GlobalSection(SolutionConfigurationPlatforms) = preSolution
		Debug|Any CPU = Debug|Any CPU
		Release|Any CPU = Release|Any CPU
	EndGlobalSection
	GlobalSection(ProjectConfigurationPlatforms) = postSolution
		{4745F71C-77D1-4985-BFC4-622190AA38A5}.Debug|Any CPU.ActiveCfg = Debug|Any CPU
		{4745F71C-77D1-4985-BFC4-622190AA38A5}.Debug|Any CPU.Build.0 = Debug|Any CPU
		{4745F71C-77D1-4985-BFC4-622190AA38A5}.Release|Any CPU.ActiveCfg = Release|Any CPU
		{4745F71C-77D1-4985-BFC4-622190AA38A5}.Release|Any CPU.Build.0 = Release|Any CPU
	EndGlobalSection
	GlobalSection(SolutionProperties) = preSolution
		HideSolutionNode = FALSE
	EndGlobalSection
	GlobalSection(ExtensibilityGlobals) = postSolution
		SolutionGuid = {0F6BB44D-E313-4218-AD84-5B560F5C8B58}
	EndGlobalSection
EndGlobal
